
Microsoft Visual Studio Solution File, Format Version 12.00
# Visual Studio 15
Project("{FAE04EC0-301F-11D3-BF4B-00C04F79EFBC}") = "DuaBot", "src\DuaBot.csproj", "{39283F79-C344-4781-97A2-761D5EE4D2D0}"
EndProject
Project("{E53339B2-1760-4266-BCC7-CA923CBCF16C}") = "docker-compose", "docker-compose.dcproj", "{72D0B90F-79D2-499A-8CF3-9C16D17F37A3}"
EndProject
Global
	GlobalSection(SolutionConfigurationPlatforms) = preSolution
		Debug|Any CPU = Debug|Any CPU
		Release|Any CPU = Release|Any CPU
	EndGlobalSection
	GlobalSection(ProjectConfigurationPlatforms) = postSolution
		{39283F79-C344-4781-97A2-761D5EE4D2D0}.Debug|Any CPU.ActiveCfg = Debug|Any CPU
		{39283F79-C344-4781-97A2-761D5EE4D2D0}.Debug|Any CPU.Build.0 = Debug|Any CPU
		{39283F79-C344-4781-97A2-761D5EE4D2D0}.Release|Any CPU.ActiveCfg = Release|Any CPU
		{39283F79-C344-4781-97A2-761D5EE4D2D0}.Release|Any CPU.Build.0 = Release|Any CPU
		{72D0B90F-79D2-499A-8CF3-9C16D17F37A3}.Debug|Any CPU.ActiveCfg = Debug|Any CPU
		{72D0B90F-79D2-499A-8CF3-9C16D17F37A3}.Debug|Any CPU.Build.0 = Debug|Any CPU
		{72D0B90F-79D2-499A-8CF3-9C16D17F37A3}.Release|Any CPU.ActiveCfg = Release|Any CPU
		{72D0B90F-79D2-499A-8CF3-9C16D17F37A3}.Release|Any CPU.Build.0 = Release|Any CPU
	EndGlobalSection
EndGlobal
